
Microsoft Visual Studio Solution File, Format Version 12.00
# Visual Studio Version 16
VisualStudioVersion = 16.0.30413.136
MinimumVisualStudioVersion = 10.0.40219.1
Project("{FAE04EC0-301F-11D3-BF4B-00C04F79EFBC}") = "Desafio.Domain", "Desafio.Domain\Desafio.Domain.csproj", "{2F41E08C-96BF-49A1-958E-4137534F99BD}"
EndProject
Project("{FAE04EC0-301F-11D3-BF4B-00C04F79EFBC}") = "Desafio.Infra.Data", "Desafio.Infra.Data\Desafio.Infra.Data.csproj", "{28AC05FE-D6C7-4097-BD99-E6FC42580103}"
EndProject
Project("{FAE04EC0-301F-11D3-BF4B-00C04F79EFBC}") = "Desafio.Web", "Desafio.Web\Desafio.Web.csproj", "{FBC0863B-79BB-4572-9C1E-E8F750CB0F62}"
EndProject
Global
	GlobalSection(SolutionConfigurationPlatforms) = preSolution
		Debug|Any CPU = Debug|Any CPU
		Release|Any CPU = Release|Any CPU
	EndGlobalSection
	GlobalSection(ProjectConfigurationPlatforms) = postSolution
		{2F41E08C-96BF-49A1-958E-4137534F99BD}.Debug|Any CPU.ActiveCfg = Debug|Any CPU
		{2F41E08C-96BF-49A1-958E-4137534F99BD}.Debug|Any CPU.Build.0 = Debug|Any CPU
		{2F41E08C-96BF-49A1-958E-4137534F99BD}.Release|Any CPU.ActiveCfg = Release|Any CPU
		{2F41E08C-96BF-49A1-958E-4137534F99BD}.Release|Any CPU.Build.0 = Release|Any CPU
		{28AC05FE-D6C7-4097-BD99-E6FC42580103}.Debug|Any CPU.ActiveCfg = Debug|Any CPU
		{28AC05FE-D6C7-4097-BD99-E6FC42580103}.Debug|Any CPU.Build.0 = Debug|Any CPU
		{28AC05FE-D6C7-4097-BD99-E6FC42580103}.Release|Any CPU.ActiveCfg = Release|Any CPU
		{28AC05FE-D6C7-4097-BD99-E6FC42580103}.Release|Any CPU.Build.0 = Release|Any CPU
		{FBC0863B-79BB-4572-9C1E-E8F750CB0F62}.Debug|Any CPU.ActiveCfg = Debug|Any CPU
		{FBC0863B-79BB-4572-9C1E-E8F750CB0F62}.Debug|Any CPU.Build.0 = Debug|Any CPU
		{FBC0863B-79BB-4572-9C1E-E8F750CB0F62}.Release|Any CPU.ActiveCfg = Release|Any CPU
		{FBC0863B-79BB-4572-9C1E-E8F750CB0F62}.Release|Any CPU.Build.0 = Release|Any CPU
	EndGlobalSection
	GlobalSection(SolutionProperties) = preSolution
		HideSolutionNode = FALSE
	EndGlobalSection
	GlobalSection(ExtensibilityGlobals) = postSolution
		SolutionGuid = {0EB660D4-74B4-41AC-A004-0E704B880EC8}
	EndGlobalSection
EndGlobal
